// !$*UTF8*$!
{
	archiveVersion = 1;
	classes = {
	};
	objectVersion = 55;
	objects = {

/* Begin PBXBuildFile section */
		3C07847328BEEF07005DD7B2 /* Post.swift in Sources */ = {isa = PBXBuildFile; fileRef = 3C07847228BEEF07005DD7B2 /* Post.swift */; };
		3C07847728BEF11D005DD7B2 /* PostTableViewCell.swift in Sources */ = {isa = PBXBuildFile; fileRef = 3C07847528BEF11D005DD7B2 /* PostTableViewCell.swift */; };
		3C07847828BEF11D005DD7B2 /* PostTableViewCell.xib in Resources */ = {isa = PBXBuildFile; fileRef = 3C07847628BEF11D005DD7B2 /* PostTableViewCell.xib */; };
		3C4D5BCE28BD8C0500C9406D /* HomeViewController.swift in Sources */ = {isa = PBXBuildFile; fileRef = 3C4D5BCC28BD8C0500C9406D /* HomeViewController.swift */; };
		3C4D5BCF28BD8C0500C9406D /* HomeViewController.xib in Resources */ = {isa = PBXBuildFile; fileRef = 3C4D5BCD28BD8C0500C9406D /* HomeViewController.xib */; };
		3C4D5BD128BD8CDB00C9406D /* BaseViewController.swift in Sources */ = {isa = PBXBuildFile; fileRef = 3C4D5BD028BD8CDB00C9406D /* BaseViewController.swift */; };
		3CF8BE2128BC35EC003491C1 /* AppDelegate.swift in Sources */ = {isa = PBXBuildFile; fileRef = 3CF8BE2028BC35EC003491C1 /* AppDelegate.swift */; };
		3CF8BE2328BC35EC003491C1 /* SceneDelegate.swift in Sources */ = {isa = PBXBuildFile; fileRef = 3CF8BE2228BC35EC003491C1 /* SceneDelegate.swift */; };
		3CF8BE2828BC35ED003491C1 /* Main.storyboard in Resources */ = {isa = PBXBuildFile; fileRef = 3CF8BE2628BC35ED003491C1 /* Main.storyboard */; };
		3CF8BE2A28BC35EF003491C1 /* Assets.xcassets in Resources */ = {isa = PBXBuildFile; fileRef = 3CF8BE2928BC35EF003491C1 /* Assets.xcassets */; };
		3CF8BE2D28BC35EF003491C1 /* LaunchScreen.storyboard in Resources */ = {isa = PBXBuildFile; fileRef = 3CF8BE2B28BC35EF003491C1 /* LaunchScreen.storyboard */; };
		3CF8BE3828BC35EF003491C1 /* Instagram_CloneTests.swift in Sources */ = {isa = PBXBuildFile; fileRef = 3CF8BE3728BC35EF003491C1 /* Instagram_CloneTests.swift */; };
		3CF8BE4228BC35EF003491C1 /* Instagram_CloneUITests.swift in Sources */ = {isa = PBXBuildFile; fileRef = 3CF8BE4128BC35EF003491C1 /* Instagram_CloneUITests.swift */; };
		3CF8BE4428BC35EF003491C1 /* Instagram_CloneUITestsLaunchTests.swift in Sources */ = {isa = PBXBuildFile; fileRef = 3CF8BE4328BC35EF003491C1 /* Instagram_CloneUITestsLaunchTests.swift */; };
		3CF8BE5328BC368F003491C1 /* SignInViewController.swift in Sources */ = {isa = PBXBuildFile; fileRef = 3CF8BE5128BC368F003491C1 /* SignInViewController.swift */; };
		3CF8BE5428BC368F003491C1 /* SignInViewController.xib in Resources */ = {isa = PBXBuildFile; fileRef = 3CF8BE5228BC368F003491C1 /* SignInViewController.xib */; };
		3CF8BE5828BC3813003491C1 /* SignUpViewController.swift in Sources */ = {isa = PBXBuildFile; fileRef = 3CF8BE5628BC3813003491C1 /* SignUpViewController.swift */; };
		3CF8BE5928BC3813003491C1 /* SignUpViewController.xib in Resources */ = {isa = PBXBuildFile; fileRef = 3CF8BE5728BC3813003491C1 /* SignUpViewController.xib */; };
/* End PBXBuildFile section */

/* Begin PBXContainerItemProxy section */
		3CF8BE3428BC35EF003491C1 /* PBXContainerItemProxy */ = {
			isa = PBXContainerItemProxy;
			containerPortal = 3CF8BE1528BC35EC003491C1 /* Project object */;
			proxyType = 1;
			remoteGlobalIDString = 3CF8BE1C28BC35EC003491C1;
			remoteInfo = "Instagram Clone";
		};
		3CF8BE3E28BC35EF003491C1 /* PBXContainerItemProxy */ = {
			isa = PBXContainerItemProxy;
			containerPortal = 3CF8BE1528BC35EC003491C1 /* Project object */;
			proxyType = 1;
			remoteGlobalIDString = 3CF8BE1C28BC35EC003491C1;
			remoteInfo = "Instagram Clone";
		};
/* End PBXContainerItemProxy section */

/* Begin PBXFileReference section */
		3C07847228BEEF07005DD7B2 /* Post.swift */ = {isa = PBXFileReference; lastKnownFileType = sourcecode.swift; path = Post.swift; sourceTree = "<group>"; };
		3C07847528BEF11D005DD7B2 /* PostTableViewCell.swift */ = {isa = PBXFileReference; lastKnownFileType = sourcecode.swift; path = PostTableViewCell.swift; sourceTree = "<group>"; };
		3C07847628BEF11D005DD7B2 /* PostTableViewCell.xib */ = {isa = PBXFileReference; lastKnownFileType = file.xib; path = PostTableViewCell.xib; sourceTree = "<group>"; };
		3C4D5BCC28BD8C0500C9406D /* HomeViewController.swift */ = {isa = PBXFileReference; lastKnownFileType = sourcecode.swift; path = HomeViewController.swift; sourceTree = "<group>"; };
		3C4D5BCD28BD8C0500C9406D /* HomeViewController.xib */ = {isa = PBXFileReference; lastKnownFileType = file.xib; path = HomeViewController.xib; sourceTree = "<group>"; };
		3C4D5BD028BD8CDB00C9406D /* BaseViewController.swift */ = {isa = PBXFileReference; lastKnownFileType = sourcecode.swift; path = BaseViewController.swift; sourceTree = "<group>"; };
		3CF8BE1D28BC35EC003491C1 /* Instagram Clone.app */ = {isa = PBXFileReference; explicitFileType = wrapper.application; includeInIndex = 0; path = "Instagram Clone.app"; sourceTree = BUILT_PRODUCTS_DIR; };
		3CF8BE2028BC35EC003491C1 /* AppDelegate.swift */ = {isa = PBXFileReference; lastKnownFileType = sourcecode.swift; path = AppDelegate.swift; sourceTree = "<group>"; };
		3CF8BE2228BC35EC003491C1 /* SceneDelegate.swift */ = {isa = PBXFileReference; lastKnownFileType = sourcecode.swift; path = SceneDelegate.swift; sourceTree = "<group>"; };
		3CF8BE2728BC35ED003491C1 /* Base */ = {isa = PBXFileReference; lastKnownFileType = file.storyboard; name = Base; path = Base.lproj/Main.storyboard; sourceTree = "<group>"; };
		3CF8BE2928BC35EF003491C1 /* Assets.xcassets */ = {isa = PBXFileReference; lastKnownFileType = folder.assetcatalog; path = Assets.xcassets; sourceTree = "<group>"; };
		3CF8BE2C28BC35EF003491C1 /* Base */ = {isa = PBXFileReference; lastKnownFileType = file.storyboard; name = Base; path = Base.lproj/LaunchScreen.storyboard; sourceTree = "<group>"; };
		3CF8BE2E28BC35EF003491C1 /* Info.plist */ = {isa = PBXFileReference; lastKnownFileType = text.plist.xml; path = Info.plist; sourceTree = "<group>"; };
		3CF8BE3328BC35EF003491C1 /* Instagram CloneTests.xctest */ = {isa = PBXFileReference; explicitFileType = wrapper.cfbundle; includeInIndex = 0; path = "Instagram CloneTests.xctest"; sourceTree = BUILT_PRODUCTS_DIR; };
		3CF8BE3728BC35EF003491C1 /* Instagram_CloneTests.swift */ = {isa = PBXFileReference; lastKnownFileType = sourcecode.swift; path = Instagram_CloneTests.swift; sourceTree = "<group>"; };
		3CF8BE3D28BC35EF003491C1 /* Instagram CloneUITests.xctest */ = {isa = PBXFileReference; explicitFileType = wrapper.cfbundle; includeInIndex = 0; path = "Instagram CloneUITests.xctest"; sourceTree = BUILT_PRODUCTS_DIR; };
		3CF8BE4128BC35EF003491C1 /* Instagram_CloneUITests.swift */ = {isa = PBXFileReference; lastKnownFileType = sourcecode.swift; path = Instagram_CloneUITests.swift; sourceTree = "<group>"; };
		3CF8BE4328BC35EF003491C1 /* Instagram_CloneUITestsLaunchTests.swift */ = {isa = PBXFileReference; lastKnownFileType = sourcecode.swift; path = Instagram_CloneUITestsLaunchTests.swift; sourceTree = "<group>"; };
		3CF8BE5128BC368F003491C1 /* SignInViewController.swift */ = {isa = PBXFileReference; lastKnownFileType = sourcecode.swift; path = SignInViewController.swift; sourceTree = "<group>"; };
		3CF8BE5228BC368F003491C1 /* SignInViewController.xib */ = {isa = PBXFileReference; lastKnownFileType = file.xib; path = SignInViewController.xib; sourceTree = "<group>"; };
		3CF8BE5628BC3813003491C1 /* SignUpViewController.swift */ = {isa = PBXFileReference; lastKnownFileType = sourcecode.swift; path = SignUpViewController.swift; sourceTree = "<group>"; };
		3CF8BE5728BC3813003491C1 /* SignUpViewController.xib */ = {isa = PBXFileReference; lastKnownFileType = file.xib; path = SignUpViewController.xib; sourceTree = "<group>"; };
/* End PBXFileReference section */

/* Begin PBXFrameworksBuildPhase section */
		3CF8BE1A28BC35EC003491C1 /* Frameworks */ = {
			isa = PBXFrameworksBuildPhase;
			buildActionMask = 2147483647;
			files = (
			);
			runOnlyForDeploymentPostprocessing = 0;
		};
		3CF8BE3028BC35EF003491C1 /* Frameworks */ = {
			isa = PBXFrameworksBuildPhase;
			buildActionMask = 2147483647;
			files = (
			);
			runOnlyForDeploymentPostprocessing = 0;
		};
		3CF8BE3A28BC35EF003491C1 /* Frameworks */ = {
			isa = PBXFrameworksBuildPhase;
			buildActionMask = 2147483647;
			files = (
			);
			runOnlyForDeploymentPostprocessing = 0;
		};
/* End PBXFrameworksBuildPhase section */

/* Begin PBXGroup section */
		3C07847028BEEEA0005DD7B2 /* model */ = {
			isa = PBXGroup;
			children = (
				3C07847228BEEF07005DD7B2 /* Post.swift */,
			);
			path = model;
			sourceTree = "<group>";
		};
		3C07847428BEF0F8005DD7B2 /* cell */ = {
			isa = PBXGroup;
			children = (
				3C07847528BEF11D005DD7B2 /* PostTableViewCell.swift */,
				3C07847628BEF11D005DD7B2 /* PostTableViewCell.xib */,
			);
			path = cell;
			sourceTree = "<group>";
		};
		3CF8BE1428BC35EC003491C1 = {
			isa = PBXGroup;
			children = (
				3CF8BE1F28BC35EC003491C1 /* Instagram Clone */,
				3CF8BE3628BC35EF003491C1 /* Instagram CloneTests */,
				3CF8BE4028BC35EF003491C1 /* Instagram CloneUITests */,
				3CF8BE1E28BC35EC003491C1 /* Products */,
			);
			sourceTree = "<group>";
		};
		3CF8BE1E28BC35EC003491C1 /* Products */ = {
			isa = PBXGroup;
			children = (
				3CF8BE1D28BC35EC003491C1 /* Instagram Clone.app */,
				3CF8BE3328BC35EF003491C1 /* Instagram CloneTests.xctest */,
				3CF8BE3D28BC35EF003491C1 /* Instagram CloneUITests.xctest */,
			);
			name = Products;
			sourceTree = "<group>";
		};
		3CF8BE1F28BC35EC003491C1 /* Instagram Clone */ = {
			isa = PBXGroup;
			children = (
				3C07847428BEF0F8005DD7B2 /* cell */,
				3C07847028BEEEA0005DD7B2 /* model */,
				3CF8BE5028BC35FF003491C1 /* apputils */,
				3CF8BE5528BC370F003491C1 /* controllers */,
				3CF8BE2228BC35EC003491C1 /* SceneDelegate.swift */,
				3CF8BE2028BC35EC003491C1 /* AppDelegate.swift */,
				3CF8BE2E28BC35EF003491C1 /* Info.plist */,
			);
			path = "Instagram Clone";
			sourceTree = "<group>";
		};
		3CF8BE3628BC35EF003491C1 /* Instagram CloneTests */ = {
			isa = PBXGroup;
			children = (
				3CF8BE3728BC35EF003491C1 /* Instagram_CloneTests.swift */,
			);
			path = "Instagram CloneTests";
			sourceTree = "<group>";
		};
		3CF8BE4028BC35EF003491C1 /* Instagram CloneUITests */ = {
			isa = PBXGroup;
			children = (
				3CF8BE4128BC35EF003491C1 /* Instagram_CloneUITests.swift */,
				3CF8BE4328BC35EF003491C1 /* Instagram_CloneUITestsLaunchTests.swift */,
			);
			path = "Instagram CloneUITests";
			sourceTree = "<group>";
		};
		3CF8BE5028BC35FF003491C1 /* apputils */ = {
			isa = PBXGroup;
			children = (
				3CF8BE2628BC35ED003491C1 /* Main.storyboard */,
				3CF8BE2928BC35EF003491C1 /* Assets.xcassets */,
				3CF8BE2B28BC35EF003491C1 /* LaunchScreen.storyboard */,
			);
			path = apputils;
			sourceTree = "<group>";
		};
		3CF8BE5528BC370F003491C1 /* controllers */ = {
			isa = PBXGroup;
			children = (
				3C4D5BD028BD8CDB00C9406D /* BaseViewController.swift */,
				3C4D5BCC28BD8C0500C9406D /* HomeViewController.swift */,
				3C4D5BCD28BD8C0500C9406D /* HomeViewController.xib */,
				3CF8BE5128BC368F003491C1 /* SignInViewController.swift */,
				3CF8BE5228BC368F003491C1 /* SignInViewController.xib */,
				3CF8BE5628BC3813003491C1 /* SignUpViewController.swift */,
				3CF8BE5728BC3813003491C1 /* SignUpViewController.xib */,
			);
			path = controllers;
			sourceTree = "<group>";
		};
/* End PBXGroup section */

/* Begin PBXNativeTarget section */
		3CF8BE1C28BC35EC003491C1 /* Instagram Clone */ = {
			isa = PBXNativeTarget;
			buildConfigurationList = 3CF8BE4728BC35EF003491C1 /* Build configuration list for PBXNativeTarget "Instagram Clone" */;
			buildPhases = (
				3CF8BE1928BC35EC003491C1 /* Sources */,
				3CF8BE1A28BC35EC003491C1 /* Frameworks */,
				3CF8BE1B28BC35EC003491C1 /* Resources */,
			);
			buildRules = (
			);
			dependencies = (
			);
			name = "Instagram Clone";
			productName = "Instagram Clone";
			productReference = 3CF8BE1D28BC35EC003491C1 /* Instagram Clone.app */;
			productType = "com.apple.product-type.application";
		};
		3CF8BE3228BC35EF003491C1 /* Instagram CloneTests */ = {
			isa = PBXNativeTarget;
			buildConfigurationList = 3CF8BE4A28BC35EF003491C1 /* Build configuration list for PBXNativeTarget "Instagram CloneTests" */;
			buildPhases = (
				3CF8BE2F28BC35EF003491C1 /* Sources */,
				3CF8BE3028BC35EF003491C1 /* Frameworks */,
				3CF8BE3128BC35EF003491C1 /* Resources */,
			);
			buildRules = (
			);
			dependencies = (
				3CF8BE3528BC35EF003491C1 /* PBXTargetDependency */,
			);
			name = "Instagram CloneTests";
			productName = "Instagram CloneTests";
			productReference = 3CF8BE3328BC35EF003491C1 /* Instagram CloneTests.xctest */;
			productType = "com.apple.product-type.bundle.unit-test";
		};
		3CF8BE3C28BC35EF003491C1 /* Instagram CloneUITests */ = {
			isa = PBXNativeTarget;
			buildConfigurationList = 3CF8BE4D28BC35EF003491C1 /* Build configuration list for PBXNativeTarget "Instagram CloneUITests" */;
			buildPhases = (
				3CF8BE3928BC35EF003491C1 /* Sources */,
				3CF8BE3A28BC35EF003491C1 /* Frameworks */,
				3CF8BE3B28BC35EF003491C1 /* Resources */,
			);
			buildRules = (
			);
			dependencies = (
				3CF8BE3F28BC35EF003491C1 /* PBXTargetDependency */,
			);
			name = "Instagram CloneUITests";
			productName = "Instagram CloneUITests";
			productReference = 3CF8BE3D28BC35EF003491C1 /* Instagram CloneUITests.xctest */;
			productType = "com.apple.product-type.bundle.ui-testing";
		};
/* End PBXNativeTarget section */

/* Begin PBXProject section */
		3CF8BE1528BC35EC003491C1 /* Project object */ = {
			isa = PBXProject;
			attributes = {
				BuildIndependentTargetsInParallel = 1;
				LastSwiftUpdateCheck = 1340;
				LastUpgradeCheck = 1340;
				TargetAttributes = {
					3CF8BE1C28BC35EC003491C1 = {
						CreatedOnToolsVersion = 13.4.1;
					};
					3CF8BE3228BC35EF003491C1 = {
						CreatedOnToolsVersion = 13.4.1;
						TestTargetID = 3CF8BE1C28BC35EC003491C1;
					};
					3CF8BE3C28BC35EF003491C1 = {
						CreatedOnToolsVersion = 13.4.1;
						TestTargetID = 3CF8BE1C28BC35EC003491C1;
					};
				};
			};
			buildConfigurationList = 3CF8BE1828BC35EC003491C1 /* Build configuration list for PBXProject "Instagram Clone" */;
			compatibilityVersion = "Xcode 13.0";
			developmentRegion = en;
			hasScannedForEncodings = 0;
			knownRegions = (
				en,
				Base,
			);
			mainGroup = 3CF8BE1428BC35EC003491C1;
			productRefGroup = 3CF8BE1E28BC35EC003491C1 /* Products */;
			projectDirPath = "";
			projectRoot = "";
			targets = (
				3CF8BE1C28BC35EC003491C1 /* Instagram Clone */,
				3CF8BE3228BC35EF003491C1 /* Instagram CloneTests */,
				3CF8BE3C28BC35EF003491C1 /* Instagram CloneUITests */,
			);
		};
/* End PBXProject section */

/* Begin PBXResourcesBuildPhase section */
		3CF8BE1B28BC35EC003491C1 /* Resources */ = {
			isa = PBXResourcesBuildPhase;
			buildActionMask = 2147483647;
			files = (
				3CF8BE5928BC3813003491C1 /* SignUpViewController.xib in Resources */,
				3CF8BE5428BC368F003491C1 /* SignInViewController.xib in Resources */,
				3CF8BE2D28BC35EF003491C1 /* LaunchScreen.storyboard in Resources */,
				3CF8BE2A28BC35EF003491C1 /* Assets.xcassets in Resources */,
				3C07847828BEF11D005DD7B2 /* PostTableViewCell.xib in Resources */,
				3CF8BE2828BC35ED003491C1 /* Main.storyboard in Resources */,
				3C4D5BCF28BD8C0500C9406D /* HomeViewController.xib in Resources */,
			);
			runOnlyForDeploymentPostprocessing = 0;
		};
		3CF8BE3128BC35EF003491C1 /* Resources */ = {
			isa = PBXResourcesBuildPhase;
			buildActionMask = 2147483647;
			files = (
			);
			runOnlyForDeploymentPostprocessing = 0;
		};
		3CF8BE3B28BC35EF003491C1 /* Resources */ = {
			isa = PBXResourcesBuildPhase;
			buildActionMask = 2147483647;
			files = (
			);
			runOnlyForDeploymentPostprocessing = 0;
		};
/* End PBXResourcesBuildPhase section */

/* Begin PBXSourcesBuildPhase section */
		3CF8BE1928BC35EC003491C1 /* Sources */ = {
			isa = PBXSourcesBuildPhase;
			buildActionMask = 2147483647;
			files = (
				3C4D5BCE28BD8C0500C9406D /* HomeViewController.swift in Sources */,
				3CF8BE2128BC35EC003491C1 /* AppDelegate.swift in Sources */,
				3CF8BE2328BC35EC003491C1 /* SceneDelegate.swift in Sources */,
				3C07847728BEF11D005DD7B2 /* PostTableViewCell.swift in Sources */,
				3CF8BE5828BC3813003491C1 /* SignUpViewController.swift in Sources */,
				3CF8BE5328BC368F003491C1 /* SignInViewController.swift in Sources */,
				3C07847328BEEF07005DD7B2 /* Post.swift in Sources */,
				3C4D5BD128BD8CDB00C9406D /* BaseViewController.swift in Sources */,
			);
			runOnlyForDeploymentPostprocessing = 0;
		};
		3CF8BE2F28BC35EF003491C1 /* Sources */ = {
			isa = PBXSourcesBuildPhase;
			buildActionMask = 2147483647;
			files = (
				3CF8BE3828BC35EF003491C1 /* Instagram_CloneTests.swift in Sources */,
			);
			runOnlyForDeploymentPostprocessing = 0;
		};
		3CF8BE3928BC35EF003491C1 /* Sources */ = {
			isa = PBXSourcesBuildPhase;
			buildActionMask = 2147483647;
			files = (
				3CF8BE4228BC35EF003491C1 /* Instagram_CloneUITests.swift in Sources */,
				3CF8BE4428BC35EF003491C1 /* Instagram_CloneUITestsLaunchTests.swift in Sources */,
			);
			runOnlyForDeploymentPostprocessing = 0;
		};
/* End PBXSourcesBuildPhase section */

/* Begin PBXTargetDependency section */
		3CF8BE3528BC35EF003491C1 /* PBXTargetDependency */ = {
			isa = PBXTargetDependency;
			target = 3CF8BE1C28BC35EC003491C1 /* Instagram Clone */;
			targetProxy = 3CF8BE3428BC35EF003491C1 /* PBXContainerItemProxy */;
		};
		3CF8BE3F28BC35EF003491C1 /* PBXTargetDependency */ = {
			isa = PBXTargetDependency;
			target = 3CF8BE1C28BC35EC003491C1 /* Instagram Clone */;
			targetProxy = 3CF8BE3E28BC35EF003491C1 /* PBXContainerItemProxy */;
		};
/* End PBXTargetDependency section */

/* Begin PBXVariantGroup section */
		3CF8BE2628BC35ED003491C1 /* Main.storyboard */ = {
			isa = PBXVariantGroup;
			children = (
				3CF8BE2728BC35ED003491C1 /* Base */,
			);
			name = Main.storyboard;
			sourceTree = "<group>";
		};
		3CF8BE2B28BC35EF003491C1 /* LaunchScreen.storyboard */ = {
			isa = PBXVariantGroup;
			children = (
				3CF8BE2C28BC35EF003491C1 /* Base */,
			);
			name = LaunchScreen.storyboard;
			sourceTree = "<group>";
		};
/* End PBXVariantGroup section */

/* Begin XCBuildConfiguration section */
		3CF8BE4528BC35EF003491C1 /* Debug */ = {
			isa = XCBuildConfiguration;
			buildSettings = {
				ALWAYS_SEARCH_USER_PATHS = NO;
				CLANG_ANALYZER_NONNULL = YES;
				CLANG_ANALYZER_NUMBER_OBJECT_CONVERSION = YES_AGGRESSIVE;
				CLANG_CXX_LANGUAGE_STANDARD = "gnu++17";
				CLANG_ENABLE_MODULES = YES;
				CLANG_ENABLE_OBJC_ARC = YES;
				CLANG_ENABLE_OBJC_WEAK = YES;
				CLANG_WARN_BLOCK_CAPTURE_AUTORELEASING = YES;
				CLANG_WARN_BOOL_CONVERSION = YES;
				CLANG_WARN_COMMA = YES;
				CLANG_WARN_CONSTANT_CONVERSION = YES;
				CLANG_WARN_DEPRECATED_OBJC_IMPLEMENTATIONS = YES;
				CLANG_WARN_DIRECT_OBJC_ISA_USAGE = YES_ERROR;
				CLANG_WARN_DOCUMENTATION_COMMENTS = YES;
				CLANG_WARN_EMPTY_BODY = YES;
				CLANG_WARN_ENUM_CONVERSION = YES;
				CLANG_WARN_INFINITE_RECURSION = YES;
				CLANG_WARN_INT_CONVERSION = YES;
				CLANG_WARN_NON_LITERAL_NULL_CONVERSION = YES;
				CLANG_WARN_OBJC_IMPLICIT_RETAIN_SELF = YES;
				CLANG_WARN_OBJC_LITERAL_CONVERSION = YES;
				CLANG_WARN_OBJC_ROOT_CLASS = YES_ERROR;
				CLANG_WARN_QUOTED_INCLUDE_IN_FRAMEWORK_HEADER = YES;
				CLANG_WARN_RANGE_LOOP_ANALYSIS = YES;
				CLANG_WARN_STRICT_PROTOTYPES = YES;
				CLANG_WARN_SUSPICIOUS_MOVE = YES;
				CLANG_WARN_UNGUARDED_AVAILABILITY = YES_AGGRESSIVE;
				CLANG_WARN_UNREACHABLE_CODE = YES;
				CLANG_WARN__DUPLICATE_METHOD_MATCH = YES;
				COPY_PHASE_STRIP = NO;
				DEBUG_INFORMATION_FORMAT = dwarf;
				ENABLE_STRICT_OBJC_MSGSEND = YES;
				ENABLE_TESTABILITY = YES;
				GCC_C_LANGUAGE_STANDARD = gnu11;
				GCC_DYNAMIC_NO_PIC = NO;
				GCC_NO_COMMON_BLOCKS = YES;
				GCC_OPTIMIZATION_LEVEL = 0;
				GCC_PREPROCESSOR_DEFINITIONS = (
					"DEBUG=1",
					"$(inherited)",
				);
				GCC_WARN_64_TO_32_BIT_CONVERSION = YES;
				GCC_WARN_ABOUT_RETURN_TYPE = YES_ERROR;
				GCC_WARN_UNDECLARED_SELECTOR = YES;
				GCC_WARN_UNINITIALIZED_AUTOS = YES_AGGRESSIVE;
				GCC_WARN_UNUSED_FUNCTION = YES;
				GCC_WARN_UNUSED_VARIABLE = YES;
				IPHONEOS_DEPLOYMENT_TARGET = 15.5;
				MTL_ENABLE_DEBUG_INFO = INCLUDE_SOURCE;
				MTL_FAST_MATH = YES;
				ONLY_ACTIVE_ARCH = YES;
				SDKROOT = iphoneos;
				SWIFT_ACTIVE_COMPILATION_CONDITIONS = DEBUG;
				SWIFT_OPTIMIZATION_LEVEL = "-Onone";
			};
			name = Debug;
		};
		3CF8BE4628BC35EF003491C1 /* Release */ = {
			isa = XCBuildConfiguration;
			buildSettings = {
				ALWAYS_SEARCH_USER_PATHS = NO;
				CLANG_ANALYZER_NONNULL = YES;
				CLANG_ANALYZER_NUMBER_OBJECT_CONVERSION = YES_AGGRESSIVE;
				CLANG_CXX_LANGUAGE_STANDARD = "gnu++17";
				CLANG_ENABLE_MODULES = YES;
				CLANG_ENABLE_OBJC_ARC = YES;
				CLANG_ENABLE_OBJC_WEAK = YES;
				CLANG_WARN_BLOCK_CAPTURE_AUTORELEASING = YES;
				CLANG_WARN_BOOL_CONVERSION = YES;
				CLANG_WARN_COMMA = YES;
				CLANG_WARN_CONSTANT_CONVERSION = YES;
				CLANG_WARN_DEPRECATED_OBJC_IMPLEMENTATIONS = YES;
				CLANG_WARN_DIRECT_OBJC_ISA_USAGE = YES_ERROR;
				CLANG_WARN_DOCUMENTATION_COMMENTS = YES;
				CLANG_WARN_EMPTY_BODY = YES;
				CLANG_WARN_ENUM_CONVERSION = YES;
				CLANG_WARN_INFINITE_RECURSION = YES;
				CLANG_WARN_INT_CONVERSION = YES;
				CLANG_WARN_NON_LITERAL_NULL_CONVERSION = YES;
				CLANG_WARN_OBJC_IMPLICIT_RETAIN_SELF = YES;
				CLANG_WARN_OBJC_LITERAL_CONVERSION = YES;
				CLANG_WARN_OBJC_ROOT_CLASS = YES_ERROR;
				CLANG_WARN_QUOTED_INCLUDE_IN_FRAMEWORK_HEADER = YES;
				CLANG_WARN_RANGE_LOOP_ANALYSIS = YES;
				CLANG_WARN_STRICT_PROTOTYPES = YES;
				CLANG_WARN_SUSPICIOUS_MOVE = YES;
				CLANG_WARN_UNGUARDED_AVAILABILITY = YES_AGGRESSIVE;
				CLANG_WARN_UNREACHABLE_CODE = YES;
				CLANG_WARN__DUPLICATE_METHOD_MATCH = YES;
				COPY_PHASE_STRIP = NO;
				DEBUG_INFORMATION_FORMAT = "dwarf-with-dsym";
				ENABLE_NS_ASSERTIONS = NO;
				ENABLE_STRICT_OBJC_MSGSEND = YES;
				GCC_C_LANGUAGE_STANDARD = gnu11;
				GCC_NO_COMMON_BLOCKS = YES;
				GCC_WARN_64_TO_32_BIT_CONVERSION = YES;
				GCC_WARN_ABOUT_RETURN_TYPE = YES_ERROR;
				GCC_WARN_UNDECLARED_SELECTOR = YES;
				GCC_WARN_UNINITIALIZED_AUTOS = YES_AGGRESSIVE;
				GCC_WARN_UNUSED_FUNCTION = YES;
				GCC_WARN_UNUSED_VARIABLE = YES;
				IPHONEOS_DEPLOYMENT_TARGET = 15.5;
				MTL_ENABLE_DEBUG_INFO = NO;
				MTL_FAST_MATH = YES;
				SDKROOT = iphoneos;
				SWIFT_COMPILATION_MODE = wholemodule;
				SWIFT_OPTIMIZATION_LEVEL = "-O";
				VALIDATE_PRODUCT = YES;
			};
			name = Release;
		};
		3CF8BE4828BC35EF003491C1 /* Debug */ = {
			isa = XCBuildConfiguration;
			buildSettings = {
				ASSETCATALOG_COMPILER_APPICON_NAME = AppIcon;
				ASSETCATALOG_COMPILER_GLOBAL_ACCENT_COLOR_NAME = AccentColor;
				CODE_SIGN_STYLE = Automatic;
				CURRENT_PROJECT_VERSION = 1;
				GENERATE_INFOPLIST_FILE = YES;
				INFOPLIST_FILE = "Instagram Clone/Info.plist";
				INFOPLIST_KEY_UIApplicationSupportsIndirectInputEvents = YES;
				INFOPLIST_KEY_UILaunchStoryboardName = LaunchScreen;
				INFOPLIST_KEY_UIMainStoryboardFile = Main;
				INFOPLIST_KEY_UISupportedInterfaceOrientations_iPad = "UIInterfaceOrientationPortrait UIInterfaceOrientationPortraitUpsideDown UIInterfaceOrientationLandscapeLeft UIInterfaceOrientationLandscapeRight";
				INFOPLIST_KEY_UISupportedInterfaceOrientations_iPhone = "UIInterfaceOrientationPortrait UIInterfaceOrientationLandscapeLeft UIInterfaceOrientationLandscapeRight";
				LD_RUNPATH_SEARCH_PATHS = (
					"$(inherited)",
					"@executable_path/Frameworks",
				);
				MARKETING_VERSION = 1.0;
				PRODUCT_BUNDLE_IDENTIFIER = "com.my.Instagram-Clone";
				PRODUCT_NAME = "$(TARGET_NAME)";
				SWIFT_EMIT_LOC_STRINGS = YES;
				SWIFT_VERSION = 5.0;
				TARGETED_DEVICE_FAMILY = "1,2";
			};
			name = Debug;
		};
		3CF8BE4928BC35EF003491C1 /* Release */ = {
			isa = XCBuildConfiguration;
			buildSettings = {
				ASSETCATALOG_COMPILER_APPICON_NAME = AppIcon;
				ASSETCATALOG_COMPILER_GLOBAL_ACCENT_COLOR_NAME = AccentColor;
				CODE_SIGN_STYLE = Automatic;
				CURRENT_PROJECT_VERSION = 1;
				GENERATE_INFOPLIST_FILE = YES;
				INFOPLIST_FILE = "Instagram Clone/Info.plist";
				INFOPLIST_KEY_UIApplicationSupportsIndirectInputEvents = YES;
				INFOPLIST_KEY_UILaunchStoryboardName = LaunchScreen;
				INFOPLIST_KEY_UIMainStoryboardFile = Main;
				INFOPLIST_KEY_UISupportedInterfaceOrientations_iPad = "UIInterfaceOrientationPortrait UIInterfaceOrientationPortraitUpsideDown UIInterfaceOrientationLandscapeLeft UIInterfaceOrientationLandscapeRight";
				INFOPLIST_KEY_UISupportedInterfaceOrientations_iPhone = "UIInterfaceOrientationPortrait UIInterfaceOrientationLandscapeLeft UIInterfaceOrientationLandscapeRight";
				LD_RUNPATH_SEARCH_PATHS = (
					"$(inherited)",
					"@executable_path/Frameworks",
				);
				MARKETING_VERSION = 1.0;
				PRODUCT_BUNDLE_IDENTIFIER = "com.my.Instagram-Clone";
				PRODUCT_NAME = "$(TARGET_NAME)";
				SWIFT_EMIT_LOC_STRINGS = YES;
				SWIFT_VERSION = 5.0;
				TARGETED_DEVICE_FAMILY = "1,2";
			};
			name = Release;
		};
		3CF8BE4B28BC35EF003491C1 /* Debug */ = {
			isa = XCBuildConfiguration;
			buildSettings = {
				ALWAYS_EMBED_SWIFT_STANDARD_LIBRARIES = YES;
				BUNDLE_LOADER = "$(TEST_HOST)";
				CODE_SIGN_STYLE = Automatic;
				CURRENT_PROJECT_VERSION = 1;
				GENERATE_INFOPLIST_FILE = YES;
				IPHONEOS_DEPLOYMENT_TARGET = 15.5;
				MARKETING_VERSION = 1.0;
				PRODUCT_BUNDLE_IDENTIFIER = "com.my.Instagram-CloneTests";
				PRODUCT_NAME = "$(TARGET_NAME)";
				SWIFT_EMIT_LOC_STRINGS = NO;
				SWIFT_VERSION = 5.0;
				TARGETED_DEVICE_FAMILY = "1,2";
				TEST_HOST = "$(BUILT_PRODUCTS_DIR)/Instagram Clone.app/Instagram Clone";
			};
			name = Debug;
		};
		3CF8BE4C28BC35EF003491C1 /* Release */ = {
			isa = XCBuildConfiguration;
			buildSettings = {
				ALWAYS_EMBED_SWIFT_STANDARD_LIBRARIES = YES;
				BUNDLE_LOADER = "$(TEST_HOST)";
				CODE_SIGN_STYLE = Automatic;
				CURRENT_PROJECT_VERSION = 1;
				GENERATE_INFOPLIST_FILE = YES;
				IPHONEOS_DEPLOYMENT_TARGET = 15.5;
				MARKETING_VERSION = 1.0;
				PRODUCT_BUNDLE_IDENTIFIER = "com.my.Instagram-CloneTests";
				PRODUCT_NAME = "$(TARGET_NAME)";
				SWIFT_EMIT_LOC_STRINGS = NO;
				SWIFT_VERSION = 5.0;
				TARGETED_DEVICE_FAMILY = "1,2";
				TEST_HOST = "$(BUILT_PRODUCTS_DIR)/Instagram Clone.app/Instagram Clone";
			};
			name = Release;
		};
		3CF8BE4E28BC35EF003491C1 /* Debug */ = {
			isa = XCBuildConfiguration;
			buildSettings = {
				ALWAYS_EMBED_SWIFT_STANDARD_LIBRARIES = YES;
				CODE_SIGN_STYLE = Automatic;
				CURRENT_PROJECT_VERSION = 1;
				GENERATE_INFOPLIST_FILE = YES;
				MARKETING_VERSION = 1.0;
				PRODUCT_BUNDLE_IDENTIFIER = "com.my.Instagram-CloneUITests";
				PRODUCT_NAME = "$(TARGET_NAME)";
				SWIFT_EMIT_LOC_STRINGS = NO;
				SWIFT_VERSION = 5.0;
				TARGETED_DEVICE_FAMILY = "1,2";
				TEST_TARGET_NAME = "Instagram Clone";
			};
			name = Debug;
		};
		3CF8BE4F28BC35EF003491C1 /* Release */ = {
			isa = XCBuildConfiguration;
			buildSettings = {
				ALWAYS_EMBED_SWIFT_STANDARD_LIBRARIES = YES;
				CODE_SIGN_STYLE = Automatic;
				CURRENT_PROJECT_VERSION = 1;
				GENERATE_INFOPLIST_FILE = YES;
				MARKETING_VERSION = 1.0;
				PRODUCT_BUNDLE_IDENTIFIER = "com.my.Instagram-CloneUITests";
				PRODUCT_NAME = "$(TARGET_NAME)";
				SWIFT_EMIT_LOC_STRINGS = NO;
				SWIFT_VERSION = 5.0;
				TARGETED_DEVICE_FAMILY = "1,2";
				TEST_TARGET_NAME = "Instagram Clone";
			};
			name = Release;
		};
/* End XCBuildConfiguration section */

/* Begin XCConfigurationList section */
		3CF8BE1828BC35EC003491C1 /* Build configuration list for PBXProject "Instagram Clone" */ = {
			isa = XCConfigurationList;
			buildConfigurations = (
				3CF8BE4528BC35EF003491C1 /* Debug */,
				3CF8BE4628BC35EF003491C1 /* Release */,
			);
			defaultConfigurationIsVisible = 0;
			defaultConfigurationName = Release;
		};
		3CF8BE4728BC35EF003491C1 /* Build configuration list for PBXNativeTarget "Instagram Clone" */ = {
			isa = XCConfigurationList;
			buildConfigurations = (
				3CF8BE4828BC35EF003491C1 /* Debug */,
				3CF8BE4928BC35EF003491C1 /* Release */,
			);
			defaultConfigurationIsVisible = 0;
			defaultConfigurationName = Release;
		};
		3CF8BE4A28BC35EF003491C1 /* Build configuration list for PBXNativeTarget "Instagram CloneTests" */ = {
			isa = XCConfigurationList;
			buildConfigurations = (
				3CF8BE4B28BC35EF003491C1 /* Debug */,
				3CF8BE4C28BC35EF003491C1 /* Release */,
			);
			defaultConfigurationIsVisible = 0;
			defaultConfigurationName = Release;
		};
		3CF8BE4D28BC35EF003491C1 /* Build configuration list for PBXNativeTarget "Instagram CloneUITests" */ = {
			isa = XCConfigurationList;
			buildConfigurations = (
				3CF8BE4E28BC35EF003491C1 /* Debug */,
				3CF8BE4F28BC35EF003491C1 /* Release */,
			);
			defaultConfigurationIsVisible = 0;
			defaultConfigurationName = Release;
		};
/* End XCConfigurationList section */
	};
	rootObject = 3CF8BE1528BC35EC003491C1 /* Project object */;
}
